{
  "version": 4,
  "terraform_version": "0.12.0",
  "serial": 209,
  "lineage": "29481e05-c834-4201-10ee-1eea85141fd3",
  "outputs": {
    "bastion_public_ip": {
      "value": "3.113.65.164",
      "type": "string"
    },
    "dev_backend_private_ip": {
      "value": "10.0.0.16",
      "type": "string"
    },
    "dev_backend_public_ip": {
      "value": "54.64.109.129",
      "type": "string"
    },
    "dev_db_private_ip": {
      "value": "10.0.1.16",
      "type": "string"
    }
  },
  "resources": [
    {
      "mode": "data",
      "type": "aws_ami",
      "name": "ubuntu",
      "provider": "provider.aws",
      "instances": [
        {
          "schema_version": 0,
          "attributes": {
            "architecture": "x86_64",
            "block_device_mappings": [
              {
                "device_name": "/dev/sda1",
                "ebs": {
                  "delete_on_termination": "true",
                  "encrypted": "false",
                  "iops": "0",
                  "snapshot_id": "snap-08ba9ee7a943942cf",
                  "volume_size": "8",
                  "volume_type": "gp2"
                },
                "no_device": "",
                "virtual_name": ""
              },
              {
                "device_name": "/dev/sdb",
                "ebs": {},
                "no_device": "",
                "virtual_name": "ephemeral0"
              },
              {
                "device_name": "/dev/sdc",
                "ebs": {},
                "no_device": "",
                "virtual_name": "ephemeral1"
              }
            ],
            "creation_date": "2019-05-15T19:30:31.000Z",
            "description": "Canonical, Ubuntu, 16.04 LTS, amd64 xenial image build on 2019-05-14",
            "executable_users": null,
            "filter": [
              {
                "name": "name",
                "values": [
                  "ubuntu/images/hvm-ssd/ubuntu-xenial-16.04-amd64-server-*"
                ]
              },
              {
                "name": "virtualization-type",
                "values": [
                  "hvm"
                ]
              }
            ],
            "hypervisor": "xen",
            "id": "ami-06d9ad3f86032262d",
            "image_id": "ami-06d9ad3f86032262d",
            "image_location": "099720109477/ubuntu/images/hvm-ssd/ubuntu-xenial-16.04-amd64-server-20190514",
            "image_owner_alias": null,
            "image_type": "machine",
            "kernel_id": null,
            "most_recent": true,
            "name": "ubuntu/images/hvm-ssd/ubuntu-xenial-16.04-amd64-server-20190514",
            "name_regex": null,
            "owner_id": "099720109477",
            "owners": [
              "099720109477"
            ],
            "platform": null,
            "product_codes": [],
            "public": true,
            "ramdisk_id": null,
            "root_device_name": "/dev/sda1",
            "root_device_type": "ebs",
            "root_snapshot_id": "snap-08ba9ee7a943942cf",
            "sriov_net_support": "simple",
            "state": "available",
            "state_reason": {
              "code": "UNSET",
              "message": "UNSET"
            },
            "tags": {},
            "virtualization_type": "hvm"
          }
        }
      ]
    },
    {
      "mode": "data",
      "type": "aws_route_table",
      "name": "default",
      "provider": "provider.aws",
      "instances": [
        {
          "schema_version": 0,
          "attributes": {
            "associations": [
              {
                "main": true,
                "route_table_association_id": "rtbassoc-dbdc65a2",
                "route_table_id": "rtb-5257ff34",
                "subnet_id": ""
              }
            ],
            "filter": null,
            "id": "rtb-5257ff34",
            "owner_id": "578368453353",
            "route_table_id": "rtb-5257ff34",
            "routes": [
              {
                "cidr_block": "10.0.0.0/16",
                "egress_only_gateway_id": "",
                "gateway_id": "",
                "instance_id": "",
                "ipv6_cidr_block": "",
                "nat_gateway_id": "",
                "network_interface_id": "",
                "transit_gateway_id": "",
                "vpc_peering_connection_id": "pcx-00c9c441beb5dafbe"
              },
              {
                "cidr_block": "0.0.0.0/0",
                "egress_only_gateway_id": "",
                "gateway_id": "igw-92237df6",
                "instance_id": "",
                "ipv6_cidr_block": "",
                "nat_gateway_id": "",
                "network_interface_id": "",
                "transit_gateway_id": "",
                "vpc_peering_connection_id": ""
              }
            ],
            "subnet_id": null,
            "tags": {
              "Name": "route-table-default"
            },
            "vpc_id": "vpc-4ec09329"
          },
          "depends_on": [
            "data.aws_vpc.default"
          ]
        }
      ]
    },
    {
      "module": "module.dev",
      "mode": "data",
      "type": "aws_route_table",
      "name": "default",
      "provider": "provider.aws",
      "instances": [
        {
          "schema_version": 0,
          "attributes": {
            "associations": [
              {
                "main": true,
                "route_table_association_id": "rtbassoc-dbdc65a2",
                "route_table_id": "rtb-5257ff34",
                "subnet_id": ""
              }
            ],
            "filter": null,
            "id": "rtb-5257ff34",
            "owner_id": "578368453353",
            "route_table_id": "rtb-5257ff34",
            "routes": [
              {
                "cidr_block": "10.0.0.0/16",
                "egress_only_gateway_id": "",
                "gateway_id": "",
                "instance_id": "",
                "ipv6_cidr_block": "",
                "nat_gateway_id": "",
                "network_interface_id": "",
                "transit_gateway_id": "",
                "vpc_peering_connection_id": "pcx-00c9c441beb5dafbe"
              },
              {
                "cidr_block": "0.0.0.0/0",
                "egress_only_gateway_id": "",
                "gateway_id": "igw-92237df6",
                "instance_id": "",
                "ipv6_cidr_block": "",
                "nat_gateway_id": "",
                "network_interface_id": "",
                "transit_gateway_id": "",
                "vpc_peering_connection_id": ""
              }
            ],
            "subnet_id": null,
            "tags": {
              "Name": "route-table-default"
            },
            "vpc_id": "vpc-4ec09329"
          },
          "depends_on": [
            "data.aws_vpc.default"
          ]
        }
      ]
    },
    {
      "mode": "data",
      "type": "aws_vpc",
      "name": "default",
      "provider": "provider.aws",
      "instances": [
        {
          "schema_version": 0,
          "attributes": {
            "arn": "arn:aws:ec2:ap-northeast-1:578368453353:vpc/vpc-4ec09329",
            "cidr_block": "172.31.0.0/16",
            "cidr_block_associations": [
              {
                "association_id": "vpc-cidr-assoc-f8277890",
                "cidr_block": "172.31.0.0/16",
                "state": "associated"
              }
            ],
            "default": true,
            "dhcp_options_id": "dopt-b0d8a1d7",
            "enable_dns_hostnames": true,
            "enable_dns_support": true,
            "filter": null,
            "id": "vpc-4ec09329",
            "instance_tenancy": "default",
            "ipv6_association_id": null,
            "ipv6_cidr_block": null,
            "main_route_table_id": "rtb-5257ff34",
            "owner_id": "578368453353",
            "state": "available",
            "tags": {}
          }
        }
      ]
    },
    {
      "module": "module.dev",
      "mode": "data",
      "type": "aws_vpc",
      "name": "default",
      "provider": "provider.aws",
      "instances": [
        {
          "schema_version": 0,
          "attributes": {
            "arn": "arn:aws:ec2:ap-northeast-1:578368453353:vpc/vpc-4ec09329",
            "cidr_block": "172.31.0.0/16",
            "cidr_block_associations": [
              {
                "association_id": "vpc-cidr-assoc-f8277890",
                "cidr_block": "172.31.0.0/16",
                "state": "associated"
              }
            ],
            "default": true,
            "dhcp_options_id": "dopt-b0d8a1d7",
            "enable_dns_hostnames": true,
            "enable_dns_support": true,
            "filter": null,
            "id": "vpc-4ec09329",
            "instance_tenancy": "default",
            "ipv6_association_id": null,
            "ipv6_cidr_block": null,
            "main_route_table_id": "rtb-5257ff34",
            "owner_id": "578368453353",
            "state": "available",
            "tags": {}
          }
        }
      ]
    },
    {
      "mode": "managed",
      "type": "aws_eip",
      "name": "bastion_eip",
      "provider": "provider.aws",
      "instances": [
        {
          "schema_version": 0,
          "attributes": {
            "allocation_id": null,
            "associate_with_private_ip": null,
            "association_id": "eipassoc-03b7a720bb14c3050",
            "domain": "vpc",
            "id": "eipalloc-06e6560f9ea6d0d12",
            "instance": "i-0b52ff8251d856383",
            "network_interface": "eni-09c8ffff5a28e913d",
            "private_dns": "ip-172-31-42-176.ap-northeast-1.compute.internal",
            "private_ip": "172.31.42.176",
            "public_dns": "ec2-3-113-65-164.ap-northeast-1.compute.amazonaws.com",
            "public_ip": "3.113.65.164",
            "public_ipv4_pool": "amazon",
            "tags": {
              "Name": "bastion-ip"
            },
            "timeouts": null,
            "vpc": true
          },
          "depends_on": [
            "aws_instance.bastion_instance"
          ]
        }
      ]
    },
    {
      "module": "module.dev",
      "mode": "managed",
      "type": "aws_eip",
      "name": "eip_backend",
      "provider": "provider.aws",
      "instances": [
        {
          "schema_version": 0,
          "attributes": {
            "allocation_id": null,
            "associate_with_private_ip": null,
            "association_id": "eipassoc-08e7d434cd8deba5d",
            "domain": "vpc",
            "id": "eipalloc-0ddcca9963167da75",
            "instance": "i-085d78bda6e7ebed5",
            "network_interface": "eni-0a2a53f76d4379b21",
            "private_dns": "ip-10-0-0-16.ap-northeast-1.compute.internal",
            "private_ip": "10.0.0.16",
            "public_dns": "ec2-54-64-109-129.ap-northeast-1.compute.amazonaws.com",
            "public_ip": "54.64.109.129",
            "public_ipv4_pool": "amazon",
            "tags": {
              "Name": "dev-backend-ip"
            },
            "timeouts": null,
            "vpc": true
          },
          "depends_on": [
            "aws_instance.instance_backend"
          ]
        }
      ]
    },
    {
      "mode": "managed",
      "type": "aws_instance",
      "name": "bastion_instance",
      "provider": "provider.aws",
      "instances": [
        {
          "schema_version": 1,
          "attributes": {
            "ami": "ami-06d9ad3f86032262d",
            "arn": "arn:aws:ec2:ap-northeast-1:578368453353:instance/i-0b52ff8251d856383",
            "associate_public_ip_address": true,
            "availability_zone": "ap-northeast-1a",
            "cpu_core_count": 1,
            "cpu_threads_per_core": 1,
            "credit_specification": [
              {
                "cpu_credits": "standard"
              }
            ],
            "disable_api_termination": false,
            "ebs_block_device": [],
            "ebs_optimized": false,
            "ephemeral_block_device": [],
            "get_password_data": false,
            "host_id": null,
            "iam_instance_profile": "",
            "id": "i-0b52ff8251d856383",
            "instance_initiated_shutdown_behavior": null,
            "instance_state": "running",
            "instance_type": "t2.micro",
            "ipv6_address_count": 0,
            "ipv6_addresses": [],
            "key_name": "DevStgBastion",
            "monitoring": false,
            "network_interface": [],
            "network_interface_id": null,
            "password_data": "",
            "placement_group": "",
            "primary_network_interface_id": "eni-09c8ffff5a28e913d",
            "private_dns": "ip-172-31-42-176.ap-northeast-1.compute.internal",
            "private_ip": "172.31.42.176",
            "public_dns": "ec2-3-113-65-164.ap-northeast-1.compute.amazonaws.com",
            "public_ip": "3.113.65.164",
            "root_block_device": [
              {
                "delete_on_termination": true,
                "iops": 100,
                "volume_id": "vol-00d5c8fb1e44312f4",
                "volume_size": 8,
                "volume_type": "gp2"
              }
            ],
            "security_groups": [
              "bastion"
            ],
            "source_dest_check": true,
            "subnet_id": "subnet-7e342837",
            "tags": {
              "Name": "bastion"
            },
            "tenancy": "default",
            "timeouts": null,
            "user_data": null,
            "user_data_base64": null,
            "volume_tags": {},
            "vpc_security_group_ids": [
              "sg-077ccf5474c524d69"
            ]
          },
          "depends_on": [
            "aws_security_group.bastion_sg",
            "data.aws_ami.ubuntu"
          ]
        }
      ]
    },
    {
      "module": "module.dev",
      "mode": "managed",
      "type": "aws_instance",
      "name": "instance_backend",
      "provider": "provider.aws",
      "instances": [
        {
          "schema_version": 1,
          "attributes": {
            "ami": "ami-091830e484c3984fa",
            "arn": "arn:aws:ec2:ap-northeast-1:578368453353:instance/i-085d78bda6e7ebed5",
            "associate_public_ip_address": true,
            "availability_zone": "ap-northeast-1a",
            "cpu_core_count": 1,
            "cpu_threads_per_core": 1,
            "credit_specification": [
              {
                "cpu_credits": "standard"
              }
            ],
            "disable_api_termination": false,
            "ebs_block_device": [],
            "ebs_optimized": false,
            "ephemeral_block_device": [],
            "get_password_data": false,
            "host_id": null,
            "iam_instance_profile": "",
            "id": "i-085d78bda6e7ebed5",
            "instance_initiated_shutdown_behavior": null,
            "instance_state": "running",
            "instance_type": "t2.small",
            "ipv6_address_count": 0,
            "ipv6_addresses": [],
            "key_name": "DevBackendApp",
            "monitoring": false,
            "network_interface": [],
            "network_interface_id": null,
            "password_data": "",
            "placement_group": "",
            "primary_network_interface_id": "eni-0a2a53f76d4379b21",
            "private_dns": "ip-10-0-0-16.ap-northeast-1.compute.internal",
            "private_ip": "10.0.0.16",
            "public_dns": "",
            "public_ip": "54.64.109.129",
            "root_block_device": [
              {
                "delete_on_termination": false,
                "iops": 100,
                "volume_id": "vol-0ae458705facd6b3e",
                "volume_size": 8,
                "volume_type": "gp2"
              }
            ],
            "security_groups": [],
            "source_dest_check": true,
            "subnet_id": "subnet-08a440140b759c626",
            "tags": {
              "Name": "dev-backend"
            },
            "tenancy": "default",
            "timeouts": null,
            "user_data": null,
            "user_data_base64": null,
            "volume_tags": {},
            "vpc_security_group_ids": [
              "sg-09b4f5f0dfc6729de"
            ]
          },
          "depends_on": [
            "aws_security_group.backend_public",
            "aws_subnet.subnet_public"
          ]
        }
      ]
    },
    {
      "module": "module.dev",
      "mode": "managed",
      "type": "aws_instance",
      "name": "instance_db",
      "provider": "provider.aws",
      "instances": [
        {
          "schema_version": 1,
          "attributes": {
            "ami": "ami-01a74235d69740cfa",
            "arn": "arn:aws:ec2:ap-northeast-1:578368453353:instance/i-09240d6efe448846a",
            "associate_public_ip_address": false,
            "availability_zone": "ap-northeast-1d",
            "cpu_core_count": 1,
            "cpu_threads_per_core": 1,
            "credit_specification": [
              {
                "cpu_credits": "standard"
              }
            ],
            "disable_api_termination": false,
            "ebs_block_device": [],
            "ebs_optimized": false,
            "ephemeral_block_device": [],
            "get_password_data": false,
            "host_id": null,
            "iam_instance_profile": "",
            "id": "i-09240d6efe448846a",
            "instance_initiated_shutdown_behavior": null,
            "instance_state": "running",
            "instance_type": "t2.small",
            "ipv6_address_count": 0,
            "ipv6_addresses": [],
            "key_name": "DevPawrentsDatabase",
            "monitoring": false,
            "network_interface": [],
            "network_interface_id": null,
            "password_data": "",
            "placement_group": "",
            "primary_network_interface_id": "eni-05691d7db6a48d5c0",
            "private_dns": "ip-10-0-1-16.ap-northeast-1.compute.internal",
            "private_ip": "10.0.1.16",
            "public_dns": "",
            "public_ip": "",
            "root_block_device": [
              {
                "delete_on_termination": true,
                "iops": 100,
                "volume_id": "vol-01749e64f5e53706a",
                "volume_size": 8,
                "volume_type": "gp2"
              }
            ],
            "security_groups": [],
            "source_dest_check": true,
            "subnet_id": "subnet-0ca7ac6350d95a458",
            "tags": {
              "Name": "dev-db"
            },
            "tenancy": "default",
            "timeouts": null,
            "user_data": null,
            "user_data_base64": null,
            "volume_tags": {},
            "vpc_security_group_ids": [
              "sg-003b687c9f0fb5814"
            ]
          },
          "depends_on": [
            "aws_security_group.db_private",
            "aws_subnet.subnet_private"
          ]
        }
      ]
    },
    {
      "module": "module.dev",
      "mode": "managed",
      "type": "aws_internet_gateway",
      "name": "internet_gateway",
      "provider": "provider.aws",
      "instances": [
        {
          "schema_version": 0,
          "attributes": {
            "id": "igw-0dbacadbb7bd6e960",
            "owner_id": "578368453353",
            "tags": {
              "Name": "{var.environment_name}-internet-gateway"
            },
            "vpc_id": "vpc-0d7fc1a97a36a1f6d"
          },
          "depends_on": [
            "aws_vpc.vpc"
          ]
        }
      ]
    },
    {
      "module": "module.dev",
      "mode": "managed",
      "type": "aws_route",
      "name": "backend_to_internet",
      "provider": "provider.aws",
      "instances": [
        {
          "schema_version": 0,
          "attributes": {
            "destination_cidr_block": "0.0.0.0/0",
            "destination_ipv6_cidr_block": null,
            "destination_prefix_list_id": "",
            "egress_only_gateway_id": "",
            "gateway_id": "igw-0dbacadbb7bd6e960",
            "id": "r-rtb-027ec027b1d6eb4f01080289494",
            "instance_id": "",
            "instance_owner_id": "",
            "nat_gateway_id": "",
            "network_interface_id": "",
            "origin": "CreateRoute",
            "route_table_id": "rtb-027ec027b1d6eb4f0",
            "state": "active",
            "timeouts": null,
            "transit_gateway_id": "",
            "vpc_peering_connection_id": ""
          },
          "depends_on": [
            "aws_internet_gateway.internet_gateway",
            "aws_route_table.route_table_public"
          ]
        }
      ]
    },
    {
      "module": "module.dev",
      "mode": "managed",
      "type": "aws_route",
      "name": "private_route_to_bastion",
      "provider": "provider.aws",
      "instances": [
        {
          "schema_version": 0,
          "attributes": {
            "destination_cidr_block": "172.31.0.0/16",
            "destination_ipv6_cidr_block": null,
            "destination_prefix_list_id": "",
            "egress_only_gateway_id": "",
            "gateway_id": "",
            "id": "r-rtb-0fa1c2ea8eb08a1b63854007479",
            "instance_id": "",
            "instance_owner_id": "",
            "nat_gateway_id": "",
            "network_interface_id": "",
            "origin": "CreateRoute",
            "route_table_id": "rtb-0fa1c2ea8eb08a1b6",
            "state": "active",
            "timeouts": null,
            "transit_gateway_id": "",
            "vpc_peering_connection_id": "pcx-00c9c441beb5dafbe"
          },
          "depends_on": [
            "aws_route_table.route_table_private",
            "aws_vpc_peering_connection.peering_to_bastion",
            "data.aws_vpc.default"
          ]
        }
      ]
    },
    {
      "module": "module.dev",
      "mode": "managed",
      "type": "aws_route",
      "name": "public_route_to_bastion",
      "provider": "provider.aws",
      "instances": [
        {
          "schema_version": 0,
          "attributes": {
            "destination_cidr_block": "172.31.0.0/16",
            "destination_ipv6_cidr_block": null,
            "destination_prefix_list_id": "",
            "egress_only_gateway_id": "",
            "gateway_id": "",
            "id": "r-rtb-027ec027b1d6eb4f03854007479",
            "instance_id": "",
            "instance_owner_id": "",
            "nat_gateway_id": "",
            "network_interface_id": "",
            "origin": "CreateRoute",
            "route_table_id": "rtb-027ec027b1d6eb4f0",
            "state": "active",
            "timeouts": null,
            "transit_gateway_id": "",
            "vpc_peering_connection_id": "pcx-00c9c441beb5dafbe"
          },
          "depends_on": [
            "aws_route_table.route_table_public",
            "aws_vpc_peering_connection.peering_to_bastion",
            "data.aws_vpc.default"
          ]
        }
      ]
    },
    {
      "module": "module.dev",
      "mode": "managed",
      "type": "aws_route",
      "name": "route_from_bastion",
      "provider": "provider.aws",
      "instances": [
        {
          "schema_version": 0,
          "attributes": {
            "destination_cidr_block": "10.0.0.0/16",
            "destination_ipv6_cidr_block": null,
            "destination_prefix_list_id": "",
            "egress_only_gateway_id": "",
            "gateway_id": "",
            "id": "r-rtb-5257ff34179966490",
            "instance_id": "",
            "instance_owner_id": "",
            "nat_gateway_id": "",
            "network_interface_id": "",
            "origin": "CreateRoute",
            "route_table_id": "rtb-5257ff34",
            "state": "active",
            "timeouts": null,
            "transit_gateway_id": "",
            "vpc_peering_connection_id": "pcx-00c9c441beb5dafbe"
          },
          "depends_on": [
            "aws_vpc.vpc",
            "aws_vpc_peering_connection.peering_to_bastion",
            "data.aws_route_table.default"
          ]
        }
      ]
    },
    {
      "module": "module.dev",
      "mode": "managed",
      "type": "aws_route_table",
      "name": "route_table_private",
      "provider": "provider.aws",
      "instances": [
        {
          "schema_version": 0,
          "attributes": {
            "id": "rtb-0fa1c2ea8eb08a1b6",
            "owner_id": "578368453353",
            "propagating_vgws": [],
            "route": [
              {
                "cidr_block": "172.31.0.0/16",
                "egress_only_gateway_id": "",
                "gateway_id": "",
                "instance_id": "",
                "ipv6_cidr_block": "",
                "nat_gateway_id": "",
                "network_interface_id": "",
                "transit_gateway_id": "",
                "vpc_peering_connection_id": "pcx-00c9c441beb5dafbe"
              }
            ],
            "tags": {
              "Name": "{var.environment_name}-route-table-private"
            },
            "vpc_id": "vpc-0d7fc1a97a36a1f6d"
          },
          "depends_on": [
            "aws_vpc.vpc"
          ]
        }
      ]
    },
    {
      "module": "module.dev",
      "mode": "managed",
      "type": "aws_route_table",
      "name": "route_table_public",
      "provider": "provider.aws",
      "instances": [
        {
          "schema_version": 0,
          "attributes": {
            "id": "rtb-027ec027b1d6eb4f0",
            "owner_id": "578368453353",
            "propagating_vgws": [],
            "route": [
              {
                "cidr_block": "0.0.0.0/0",
                "egress_only_gateway_id": "",
                "gateway_id": "igw-0dbacadbb7bd6e960",
                "instance_id": "",
                "ipv6_cidr_block": "",
                "nat_gateway_id": "",
                "network_interface_id": "",
                "transit_gateway_id": "",
                "vpc_peering_connection_id": ""
              },
              {
                "cidr_block": "172.31.0.0/16",
                "egress_only_gateway_id": "",
                "gateway_id": "",
                "instance_id": "",
                "ipv6_cidr_block": "",
                "nat_gateway_id": "",
                "network_interface_id": "",
                "transit_gateway_id": "",
                "vpc_peering_connection_id": "pcx-00c9c441beb5dafbe"
              }
            ],
            "tags": {
              "Name": "{var.environment_name}-route-table-public"
            },
            "vpc_id": "vpc-0d7fc1a97a36a1f6d"
          },
          "depends_on": [
            "aws_vpc.vpc"
          ]
        }
      ]
    },
    {
      "module": "module.dev",
      "mode": "managed",
      "type": "aws_route_table_association",
      "name": "route_table_private",
      "provider": "provider.aws",
      "instances": [
        {
          "schema_version": 0,
          "attributes": {
            "id": "rtbassoc-0a73b0a557cf112b1",
            "route_table_id": "rtb-0fa1c2ea8eb08a1b6",
            "subnet_id": "subnet-0ca7ac6350d95a458"
          },
          "depends_on": [
            "aws_route_table.route_table_private",
            "aws_subnet.subnet_private"
          ]
        }
      ]
    },
    {
      "module": "module.dev",
      "mode": "managed",
      "type": "aws_route_table_association",
      "name": "route_table_public",
      "provider": "provider.aws",
      "instances": [
        {
          "schema_version": 0,
          "attributes": {
            "id": "rtbassoc-0392274ecf3dbe9d8",
            "route_table_id": "rtb-027ec027b1d6eb4f0",
            "subnet_id": "subnet-08a440140b759c626"
          },
          "depends_on": [
            "aws_route_table.route_table_public",
            "aws_subnet.subnet_public"
          ]
        }
      ]
    },
    {
      "module": "module.dev",
      "mode": "managed",
      "type": "aws_security_group",
      "name": "backend_public",
      "provider": "provider.aws",
      "instances": [
        {
          "schema_version": 1,
          "attributes": {
            "arn": "arn:aws:ec2:ap-northeast-1:578368453353:security-group/sg-09b4f5f0dfc6729de",
            "description": "Managed by Terraform",
            "egress": [
              {
                "cidr_blocks": [],
                "description": "MySQL to dev DB",
                "from_port": 3306,
                "ipv6_cidr_blocks": [],
                "prefix_list_ids": [],
                "protocol": "tcp",
                "security_groups": [
                  "sg-003b687c9f0fb5814"
                ],
                "self": false,
                "to_port": 3306
              }
            ],
            "id": "sg-09b4f5f0dfc6729de",
            "ingress": [
              {
                "cidr_blocks": [
                  "0.0.0.0/0"
                ],
                "description": "HTTP to external world",
                "from_port": 80,
                "ipv6_cidr_blocks": [],
                "prefix_list_ids": [],
                "protocol": "tcp",
                "security_groups": [],
                "self": false,
                "to_port": 80
              },
              {
                "cidr_blocks": [
                  "0.0.0.0/0"
                ],
                "description": "HTTPS to external world",
                "from_port": 443,
                "ipv6_cidr_blocks": [],
                "prefix_list_ids": [],
                "protocol": "tcp",
                "security_groups": [],
                "self": false,
                "to_port": 443
              },
              {
                "cidr_blocks": [],
                "description": "SSH from bastion",
                "from_port": 22,
                "ipv6_cidr_blocks": [],
                "prefix_list_ids": [],
                "protocol": "tcp",
                "security_groups": [
                  "sg-077ccf5474c524d69"
                ],
                "self": false,
                "to_port": 22
              }
            ],
            "name": "terraform-20190604064828433500000001",
            "name_prefix": null,
            "owner_id": "578368453353",
            "revoke_rules_on_delete": false,
            "tags": {
              "Name": "dev-backend-public-sg"
            },
            "timeouts": null,
            "vpc_id": "vpc-0d7fc1a97a36a1f6d"
          },
          "depends_on": [
            "aws_vpc.vpc"
          ]
        }
      ]
    },
    {
      "mode": "managed",
      "type": "aws_security_group",
      "name": "bastion_sg",
      "provider": "provider.aws",
      "instances": [
        {
          "schema_version": 1,
          "attributes": {
            "arn": "arn:aws:ec2:ap-northeast-1:578368453353:security-group/sg-077ccf5474c524d69",
            "description": "Managed by Terraform",
            "egress": [
              {
                "cidr_blocks": [],
                "description": "MySQL to dev DB",
                "from_port": 3306,
                "ipv6_cidr_blocks": [],
                "prefix_list_ids": [],
                "protocol": "tcp",
                "security_groups": [
                  "sg-003b687c9f0fb5814"
                ],
                "self": false,
                "to_port": 3306
              },
              {
                "cidr_blocks": [],
                "description": "SSH to dev DB",
                "from_port": 22,
                "ipv6_cidr_blocks": [],
                "prefix_list_ids": [],
                "protocol": "tcp",
                "security_groups": [
                  "sg-003b687c9f0fb5814"
                ],
                "self": false,
                "to_port": 22
              },
              {
                "cidr_blocks": [],
                "description": "SSH to dev backend",
                "from_port": 22,
                "ipv6_cidr_blocks": [],
                "prefix_list_ids": [],
                "protocol": "tcp",
                "security_groups": [
                  "sg-09b4f5f0dfc6729de"
                ],
                "self": false,
                "to_port": 22
              }
            ],
            "id": "sg-077ccf5474c524d69",
            "ingress": [
              {
                "cidr_blocks": [
                  "103.208.220.0/24",
                  "209.146.25.246/32"
                ],
                "description": "SSH from allowed IP addresses",
                "from_port": 22,
                "ipv6_cidr_blocks": [],
                "prefix_list_ids": [],
                "protocol": "tcp",
                "security_groups": [],
                "self": false,
                "to_port": 22
              }
            ],
            "name": "bastion",
            "name_prefix": null,
            "owner_id": "578368453353",
            "revoke_rules_on_delete": false,
            "tags": {
              "Name": "bastion-sg"
            },
            "timeouts": null,
            "vpc_id": "vpc-4ec09329"
          },
          "depends_on": [
            "data.aws_vpc.default"
          ]
        }
      ]
    },
    {
      "module": "module.dev",
      "mode": "managed",
      "type": "aws_security_group",
      "name": "db_private",
      "provider": "provider.aws",
      "instances": [
        {
          "schema_version": 1,
          "attributes": {
            "arn": "arn:aws:ec2:ap-northeast-1:578368453353:security-group/sg-003b687c9f0fb5814",
            "description": "Managed by Terraform",
            "egress": [],
            "id": "sg-003b687c9f0fb5814",
            "ingress": [
              {
                "cidr_blocks": [],
                "description": "MySQL from backend",
                "from_port": 3306,
                "ipv6_cidr_blocks": [],
                "prefix_list_ids": [],
                "protocol": "tcp",
                "security_groups": [
                  "sg-09b4f5f0dfc6729de"
                ],
                "self": false,
                "to_port": 3306
              },
              {
                "cidr_blocks": [],
                "description": "MySQL from bastion",
                "from_port": 3306,
                "ipv6_cidr_blocks": [],
                "prefix_list_ids": [],
                "protocol": "tcp",
                "security_groups": [
                  "sg-077ccf5474c524d69"
                ],
                "self": false,
                "to_port": 3306
              },
              {
                "cidr_blocks": [],
                "description": "SSH from bastion",
                "from_port": 22,
                "ipv6_cidr_blocks": [],
                "prefix_list_ids": [],
                "protocol": "tcp",
                "security_groups": [
                  "sg-077ccf5474c524d69"
                ],
                "self": false,
                "to_port": 22
              }
            ],
            "name": "terraform-20190604064831207400000002",
            "name_prefix": null,
            "owner_id": "578368453353",
            "revoke_rules_on_delete": false,
            "tags": {
              "Name": "dev-db-private-sg"
            },
            "timeouts": null,
            "vpc_id": "vpc-0d7fc1a97a36a1f6d"
          },
          "depends_on": [
            "aws_security_group.backend_public",
            "aws_vpc.vpc"
          ]
        }
      ]
    },
    {
      "module": "module.dev",
      "mode": "managed",
      "type": "aws_security_group_rule",
      "name": "backend_mysql_to_db",
      "provider": "provider.aws",
      "instances": [
        {
          "schema_version": 2,
          "attributes": {
            "cidr_blocks": [],
            "description": "MySQL to dev DB",
            "from_port": 3306,
            "id": "sgrule-4220263789",
            "ipv6_cidr_blocks": [],
            "prefix_list_ids": [],
            "protocol": "tcp",
            "security_group_id": "sg-09b4f5f0dfc6729de",
            "self": false,
            "source_security_group_id": "sg-003b687c9f0fb5814",
            "to_port": 3306,
            "type": "egress"
          },
          "depends_on": [
            "aws_security_group.backend_public",
            "aws_security_group.db_private"
          ]
        }
      ]
    },
    {
      "module": "module.dev",
      "mode": "managed",
      "type": "aws_security_group_rule",
      "name": "bastion_mysql_to_db",
      "provider": "provider.aws",
      "instances": [
        {
          "schema_version": 2,
          "attributes": {
            "cidr_blocks": [],
            "description": "MySQL to dev DB",
            "from_port": 3306,
            "id": "sgrule-2935890348",
            "ipv6_cidr_blocks": [],
            "prefix_list_ids": [],
            "protocol": "tcp",
            "security_group_id": "sg-077ccf5474c524d69",
            "self": false,
            "source_security_group_id": "sg-003b687c9f0fb5814",
            "to_port": 3306,
            "type": "egress"
          },
          "depends_on": [
            "aws_security_group.db_private"
          ]
        }
      ]
    },
    {
      "module": "module.dev",
      "mode": "managed",
      "type": "aws_security_group_rule",
      "name": "bastion_ssh_to_backend",
      "provider": "provider.aws",
      "instances": [
        {
          "schema_version": 2,
          "attributes": {
            "cidr_blocks": [],
            "description": "SSH to dev backend",
            "from_port": 22,
            "id": "sgrule-3944459025",
            "ipv6_cidr_blocks": [],
            "prefix_list_ids": [],
            "protocol": "tcp",
            "security_group_id": "sg-077ccf5474c524d69",
            "self": false,
            "source_security_group_id": "sg-09b4f5f0dfc6729de",
            "to_port": 22,
            "type": "egress"
          },
          "depends_on": [
            "aws_security_group.backend_public"
          ]
        }
      ]
    },
    {
      "module": "module.dev",
      "mode": "managed",
      "type": "aws_security_group_rule",
      "name": "bastion_ssh_to_db",
      "provider": "provider.aws",
      "instances": [
        {
          "schema_version": 2,
          "attributes": {
            "cidr_blocks": [],
            "description": "SSH to dev DB",
            "from_port": 22,
            "id": "sgrule-2383261070",
            "ipv6_cidr_blocks": [],
            "prefix_list_ids": [],
            "protocol": "tcp",
            "security_group_id": "sg-077ccf5474c524d69",
            "self": false,
            "source_security_group_id": "sg-003b687c9f0fb5814",
            "to_port": 22,
            "type": "egress"
          },
          "depends_on": [
            "aws_security_group.db_private"
          ]
        }
      ]
    },
    {
      "module": "module.dev",
      "mode": "managed",
      "type": "aws_subnet",
      "name": "subnet_private",
      "provider": "provider.aws",
      "instances": [
        {
          "schema_version": 1,
          "attributes": {
            "arn": "arn:aws:ec2:ap-northeast-1:578368453353:subnet/subnet-0ca7ac6350d95a458",
            "assign_ipv6_address_on_creation": false,
            "availability_zone": "ap-northeast-1d",
            "availability_zone_id": "apne1-az2",
            "cidr_block": "10.0.1.0/24",
            "id": "subnet-0ca7ac6350d95a458",
            "ipv6_cidr_block": "",
            "ipv6_cidr_block_association_id": "",
            "map_public_ip_on_launch": false,
            "owner_id": "578368453353",
            "tags": {
              "Name": "dev-subnet-private"
            },
            "timeouts": null,
            "vpc_id": "vpc-0d7fc1a97a36a1f6d"
          },
          "depends_on": [
            "aws_vpc.vpc"
          ]
        }
      ]
    },
    {
      "module": "module.dev",
      "mode": "managed",
      "type": "aws_subnet",
      "name": "subnet_public",
      "provider": "provider.aws",
      "instances": [
        {
          "schema_version": 1,
          "attributes": {
            "arn": "arn:aws:ec2:ap-northeast-1:578368453353:subnet/subnet-08a440140b759c626",
            "assign_ipv6_address_on_creation": false,
            "availability_zone": "ap-northeast-1a",
            "availability_zone_id": "apne1-az4",
            "cidr_block": "10.0.0.0/24",
            "id": "subnet-08a440140b759c626",
            "ipv6_cidr_block": "",
            "ipv6_cidr_block_association_id": "",
            "map_public_ip_on_launch": true,
            "owner_id": "578368453353",
            "tags": {
              "Name": "dev-subnet-public"
            },
            "timeouts": null,
            "vpc_id": "vpc-0d7fc1a97a36a1f6d"
          },
          "depends_on": [
            "aws_vpc.vpc"
          ]
        }
      ]
    },
    {
      "module": "module.dev",
      "mode": "managed",
      "type": "aws_vpc",
      "name": "vpc",
      "provider": "provider.aws",
      "instances": [
        {
          "schema_version": 1,
          "attributes": {
            "arn": "arn:aws:ec2:ap-northeast-1:578368453353:vpc/vpc-0d7fc1a97a36a1f6d",
            "assign_generated_ipv6_cidr_block": false,
            "cidr_block": "10.0.0.0/16",
            "default_network_acl_id": "acl-0bc5840496efee063",
            "default_route_table_id": "rtb-07e3a976de10acbba",
            "default_security_group_id": "sg-029c6db47b492c925",
            "dhcp_options_id": "dopt-b0d8a1d7",
            "enable_classiclink": false,
            "enable_classiclink_dns_support": false,
            "enable_dns_hostnames": false,
            "enable_dns_support": true,
            "id": "vpc-0d7fc1a97a36a1f6d",
            "instance_tenancy": "default",
            "ipv6_association_id": "",
            "ipv6_cidr_block": "",
            "main_route_table_id": "rtb-07e3a976de10acbba",
            "owner_id": "578368453353",
            "tags": {
              "Name": "dev-vpc"
            }
          }
        }
      ]
    },
    {
      "module": "module.dev",
      "mode": "managed",
      "type": "aws_vpc_peering_connection",
      "name": "peering_to_bastion",
      "provider": "provider.aws",
      "instances": [
        {
          "schema_version": 0,
          "attributes": {
            "accept_status": "active",
            "accepter": [
              {
                "allow_classic_link_to_remote_vpc": false,
                "allow_remote_vpc_dns_resolution": false,
                "allow_vpc_to_remote_classic_link": false
              }
            ],
            "auto_accept": true,
            "id": "pcx-00c9c441beb5dafbe",
            "peer_owner_id": "578368453353",
            "peer_region": "ap-northeast-1",
            "peer_vpc_id": "vpc-4ec09329",
            "requester": [
              {
                "allow_classic_link_to_remote_vpc": false,
                "allow_remote_vpc_dns_resolution": false,
                "allow_vpc_to_remote_classic_link": false
              }
            ],
            "tags": {
              "Name": "dev-to-bastion-peering"
            },
            "timeouts": null,
            "vpc_id": "vpc-0d7fc1a97a36a1f6d"
          },
          "depends_on": [
            "aws_vpc.vpc",
            "data.aws_vpc.default"
          ]
        }
      ]
    }
  ]
}
