{
  "version": 4,
  "terraform_version": "0.12.0",
  "serial": 156,
  "lineage": "29481e05-c834-4201-10ee-1eea85141fd3",
  "outputs": {
    "bastion_public_ip": {
      "value": "3.113.65.164",
      "type": "string"
    },
    "dev_backend_private_ip": {
      "value": "10.0.1.70",
      "type": "string"
    },
    "dev_backend_public_ip": {
      "value": "52.198.187.15",
      "type": "string"
    },
    "dev_db_private_ip": {
      "value": "10.0.2.79",
      "type": "string"
    }
  },
  "resources": [
    {
      "mode": "data",
      "type": "aws_ami",
      "name": "ubuntu",
      "provider": "provider.aws",
      "instances": [
        {
          "schema_version": 0,
          "attributes": {
            "architecture": "x86_64",
            "block_device_mappings": [
              {
                "device_name": "/dev/sda1",
                "ebs": {
                  "delete_on_termination": "true",
                  "encrypted": "false",
                  "iops": "0",
                  "snapshot_id": "snap-08ba9ee7a943942cf",
                  "volume_size": "8",
                  "volume_type": "gp2"
                },
                "no_device": "",
                "virtual_name": ""
              },
              {
                "device_name": "/dev/sdb",
                "ebs": {},
                "no_device": "",
                "virtual_name": "ephemeral0"
              },
              {
                "device_name": "/dev/sdc",
                "ebs": {},
                "no_device": "",
                "virtual_name": "ephemeral1"
              }
            ],
            "creation_date": "2019-05-15T19:30:31.000Z",
            "description": "Canonical, Ubuntu, 16.04 LTS, amd64 xenial image build on 2019-05-14",
            "executable_users": null,
            "filter": [
              {
                "name": "name",
                "values": [
                  "ubuntu/images/hvm-ssd/ubuntu-xenial-16.04-amd64-server-*"
                ]
              },
              {
                "name": "virtualization-type",
                "values": [
                  "hvm"
                ]
              }
            ],
            "hypervisor": "xen",
            "id": "ami-06d9ad3f86032262d",
            "image_id": "ami-06d9ad3f86032262d",
            "image_location": "099720109477/ubuntu/images/hvm-ssd/ubuntu-xenial-16.04-amd64-server-20190514",
            "image_owner_alias": null,
            "image_type": "machine",
            "kernel_id": null,
            "most_recent": true,
            "name": "ubuntu/images/hvm-ssd/ubuntu-xenial-16.04-amd64-server-20190514",
            "name_regex": null,
            "owner_id": "099720109477",
            "owners": [
              "099720109477"
            ],
            "platform": null,
            "product_codes": [],
            "public": true,
            "ramdisk_id": null,
            "root_device_name": "/dev/sda1",
            "root_device_type": "ebs",
            "root_snapshot_id": "snap-08ba9ee7a943942cf",
            "sriov_net_support": "simple",
            "state": "available",
            "state_reason": {
              "code": "UNSET",
              "message": "UNSET"
            },
            "tags": {},
            "virtualization_type": "hvm"
          }
        }
      ]
    },
    {
      "mode": "data",
      "type": "aws_iam_policy_document",
      "name": "bastion",
      "provider": "provider.aws",
      "instances": [
        {
          "schema_version": 0,
          "attributes": {
            "id": "3443809763",
            "json": "{\n  \"Version\": \"2012-10-17\",\n  \"Statement\": [\n    {\n      \"Sid\": \"\",\n      \"Effect\": \"Allow\",\n      \"Action\": \"sts:AssumeRole\",\n      \"Principal\": {\n        \"Service\": [\n          \"ssm.amazonaws.com\",\n          \"ec2.amazonaws.com\"\n        ]\n      }\n    }\n  ]\n}",
            "override_json": null,
            "policy_id": null,
            "source_json": null,
            "statement": [
              {
                "actions": [
                  "sts:AssumeRole"
                ],
                "condition": [],
                "effect": "Allow",
                "not_actions": [],
                "not_principals": [],
                "not_resources": [],
                "principals": [
                  {
                    "identifiers": [
                      "ec2.amazonaws.com",
                      "ssm.amazonaws.com"
                    ],
                    "type": "Service"
                  }
                ],
                "resources": [],
                "sid": ""
              }
            ],
            "version": "2012-10-17"
          }
        }
      ]
    },
    {
      "mode": "data",
      "type": "aws_route_table",
      "name": "default",
      "provider": "provider.aws",
      "instances": [
        {
          "schema_version": 0,
          "attributes": {
            "associations": [
              {
                "main": true,
                "route_table_association_id": "rtbassoc-dbdc65a2",
                "route_table_id": "rtb-5257ff34",
                "subnet_id": ""
              }
            ],
            "filter": null,
            "id": "rtb-5257ff34",
            "owner_id": "578368453353",
            "route_table_id": "rtb-5257ff34",
            "routes": [
              {
                "cidr_block": "10.0.0.0/16",
                "egress_only_gateway_id": "",
                "gateway_id": "",
                "instance_id": "",
                "ipv6_cidr_block": "",
                "nat_gateway_id": "",
                "network_interface_id": "",
                "transit_gateway_id": "",
                "vpc_peering_connection_id": "pcx-07ea9b5078c75868a"
              },
              {
                "cidr_block": "0.0.0.0/0",
                "egress_only_gateway_id": "",
                "gateway_id": "igw-92237df6",
                "instance_id": "",
                "ipv6_cidr_block": "",
                "nat_gateway_id": "",
                "network_interface_id": "",
                "transit_gateway_id": "",
                "vpc_peering_connection_id": ""
              }
            ],
            "subnet_id": null,
            "tags": {
              "Name": "route-table-default"
            },
            "vpc_id": "vpc-4ec09329"
          },
          "depends_on": [
            "data.aws_vpc.default"
          ]
        }
      ]
    },
    {
      "mode": "data",
      "type": "aws_vpc",
      "name": "default",
      "provider": "provider.aws",
      "instances": [
        {
          "schema_version": 0,
          "attributes": {
            "arn": "arn:aws:ec2:ap-northeast-1:578368453353:vpc/vpc-4ec09329",
            "cidr_block": "172.31.0.0/16",
            "cidr_block_associations": [
              {
                "association_id": "vpc-cidr-assoc-f8277890",
                "cidr_block": "172.31.0.0/16",
                "state": "associated"
              }
            ],
            "default": true,
            "dhcp_options_id": "dopt-b0d8a1d7",
            "enable_dns_hostnames": true,
            "enable_dns_support": true,
            "filter": null,
            "id": "vpc-4ec09329",
            "instance_tenancy": "default",
            "ipv6_association_id": null,
            "ipv6_cidr_block": null,
            "main_route_table_id": "rtb-5257ff34",
            "owner_id": "578368453353",
            "state": "available",
            "tags": {}
          }
        }
      ]
    },
    {
      "mode": "managed",
      "type": "aws_eip",
      "name": "bastion_eip",
      "provider": "provider.aws",
      "instances": [
        {
          "schema_version": 0,
          "attributes": {
            "allocation_id": null,
            "associate_with_private_ip": null,
            "association_id": "eipassoc-03b7a720bb14c3050",
            "domain": "vpc",
            "id": "eipalloc-06e6560f9ea6d0d12",
            "instance": "i-0b52ff8251d856383",
            "network_interface": "eni-09c8ffff5a28e913d",
            "private_dns": "ip-172-31-42-176.ap-northeast-1.compute.internal",
            "private_ip": "172.31.42.176",
            "public_dns": "ec2-3-113-65-164.ap-northeast-1.compute.amazonaws.com",
            "public_ip": "3.113.65.164",
            "public_ipv4_pool": "amazon",
            "tags": {
              "Name": "bastion-ip"
            },
            "timeouts": null,
            "vpc": true
          },
          "depends_on": [
            "aws_instance.bastion_instance"
          ]
        }
      ]
    },
    {
      "mode": "managed",
      "type": "aws_eip",
      "name": "dev_eip_backend",
      "provider": "provider.aws",
      "instances": [
        {
          "schema_version": 0,
          "attributes": {
            "allocation_id": null,
            "associate_with_private_ip": null,
            "association_id": "eipassoc-01ab45c5d4c87aced",
            "domain": "vpc",
            "id": "eipalloc-050da9b4751e9e087",
            "instance": "i-014686bfbf03571cf",
            "network_interface": "eni-07a2bcd458678a56f",
            "private_dns": "ip-10-0-1-70.ap-northeast-1.compute.internal",
            "private_ip": "10.0.1.70",
            "public_dns": "ec2-52-198-187-15.ap-northeast-1.compute.amazonaws.com",
            "public_ip": "52.198.187.15",
            "public_ipv4_pool": "amazon",
            "tags": {
              "Name": "dev-backend-ip"
            },
            "timeouts": null,
            "vpc": true
          },
          "depends_on": [
            "aws_instance.dev_instance_backend"
          ]
        }
      ]
    },
    {
      "mode": "managed",
      "type": "aws_iam_instance_profile",
      "name": "bastion",
      "provider": "provider.aws",
      "instances": [
        {
          "schema_version": 0,
          "attributes": {
            "arn": "arn:aws:iam::578368453353:instance-profile/bastion",
            "create_date": "2019-06-03T20:37:06Z",
            "id": "bastion",
            "name": "bastion",
            "name_prefix": null,
            "path": "/",
            "role": "bastion-role",
            "roles": [
              "bastion-role"
            ],
            "unique_id": "AIPAYNKLSHLU6DZ7EMU4T"
          },
          "depends_on": [
            "aws_iam_role.bastion"
          ]
        }
      ]
    },
    {
      "mode": "managed",
      "type": "aws_iam_role",
      "name": "bastion",
      "provider": "provider.aws",
      "instances": [
        {
          "schema_version": 0,
          "attributes": {
            "arn": "arn:aws:iam::578368453353:role/bastion-role",
            "assume_role_policy": "{\"Version\":\"2012-10-17\",\"Statement\":[{\"Sid\":\"\",\"Effect\":\"Allow\",\"Principal\":{\"Service\":[\"ssm.amazonaws.com\",\"ec2.amazonaws.com\"]},\"Action\":\"sts:AssumeRole\"}]}",
            "create_date": "2019-06-03T20:37:04Z",
            "description": "",
            "force_detach_policies": false,
            "id": "bastion-role",
            "max_session_duration": 3600,
            "name": "bastion-role",
            "name_prefix": null,
            "path": "/",
            "permissions_boundary": null,
            "tags": {},
            "unique_id": "AROAYNKLSHLUWGIGMUX3N"
          },
          "depends_on": [
            "data.aws_iam_policy_document.bastion"
          ]
        }
      ]
    },
    {
      "mode": "managed",
      "type": "aws_iam_role_policy_attachment",
      "name": "bastion-ssm",
      "provider": "provider.aws",
      "instances": [
        {
          "schema_version": 0,
          "attributes": {
            "id": "bastion-role-20190603203706627100000001",
            "policy_arn": "arn:aws:iam::aws:policy/service-role/AmazonEC2RoleforSSM",
            "role": "bastion-role"
          },
          "depends_on": [
            "aws_iam_role.bastion"
          ]
        }
      ]
    },
    {
      "mode": "managed",
      "type": "aws_instance",
      "name": "bastion_instance",
      "provider": "provider.aws",
      "instances": [
        {
          "schema_version": 1,
          "attributes": {
            "ami": "ami-06d9ad3f86032262d",
            "arn": "arn:aws:ec2:ap-northeast-1:578368453353:instance/i-0b52ff8251d856383",
            "associate_public_ip_address": true,
            "availability_zone": "ap-northeast-1a",
            "cpu_core_count": 1,
            "cpu_threads_per_core": 1,
            "credit_specification": [
              {
                "cpu_credits": "standard"
              }
            ],
            "disable_api_termination": false,
            "ebs_block_device": [],
            "ebs_optimized": false,
            "ephemeral_block_device": [],
            "get_password_data": false,
            "host_id": null,
            "iam_instance_profile": "bastion",
            "id": "i-0b52ff8251d856383",
            "instance_initiated_shutdown_behavior": null,
            "instance_state": "running",
            "instance_type": "t2.micro",
            "ipv6_address_count": 0,
            "ipv6_addresses": [],
            "key_name": "DevStgBastion",
            "monitoring": false,
            "network_interface": [],
            "network_interface_id": null,
            "password_data": "",
            "placement_group": "",
            "primary_network_interface_id": "eni-09c8ffff5a28e913d",
            "private_dns": "ip-172-31-42-176.ap-northeast-1.compute.internal",
            "private_ip": "172.31.42.176",
            "public_dns": "ec2-3-113-65-164.ap-northeast-1.compute.amazonaws.com",
            "public_ip": "3.113.65.164",
            "root_block_device": [
              {
                "delete_on_termination": true,
                "iops": 100,
                "volume_id": "vol-00d5c8fb1e44312f4",
                "volume_size": 8,
                "volume_type": "gp2"
              }
            ],
            "security_groups": [
              "bastion"
            ],
            "source_dest_check": true,
            "subnet_id": "subnet-7e342837",
            "tags": {
              "Name": "bastion"
            },
            "tenancy": "default",
            "timeouts": null,
            "user_data": null,
            "user_data_base64": null,
            "volume_tags": {},
            "vpc_security_group_ids": [
              "sg-077ccf5474c524d69"
            ]
          },
          "depends_on": [
            "aws_iam_instance_profile.bastion",
            "aws_security_group.bastion_sg",
            "data.aws_ami.ubuntu"
          ]
        }
      ]
    },
    {
      "mode": "managed",
      "type": "aws_instance",
      "name": "dev_instance_backend",
      "provider": "provider.aws",
      "instances": [
        {
          "schema_version": 1,
          "attributes": {
            "ami": "ami-091830e484c3984fa",
            "arn": "arn:aws:ec2:ap-northeast-1:578368453353:instance/i-014686bfbf03571cf",
            "associate_public_ip_address": true,
            "availability_zone": "ap-northeast-1d",
            "cpu_core_count": 1,
            "cpu_threads_per_core": 1,
            "credit_specification": [
              {
                "cpu_credits": "standard"
              }
            ],
            "disable_api_termination": false,
            "ebs_block_device": [],
            "ebs_optimized": false,
            "ephemeral_block_device": [],
            "get_password_data": false,
            "host_id": null,
            "iam_instance_profile": "",
            "id": "i-014686bfbf03571cf",
            "instance_initiated_shutdown_behavior": null,
            "instance_state": "running",
            "instance_type": "t2.small",
            "ipv6_address_count": 0,
            "ipv6_addresses": [],
            "key_name": "DevBackendApp",
            "monitoring": false,
            "network_interface": [],
            "network_interface_id": null,
            "password_data": "",
            "placement_group": "",
            "primary_network_interface_id": "eni-07a2bcd458678a56f",
            "private_dns": "ip-10-0-1-70.ap-northeast-1.compute.internal",
            "private_ip": "10.0.1.70",
            "public_dns": "",
            "public_ip": "52.198.187.15",
            "root_block_device": [
              {
                "delete_on_termination": false,
                "iops": 100,
                "volume_id": "vol-097b9c27e3f2554f6",
                "volume_size": 8,
                "volume_type": "gp2"
              }
            ],
            "security_groups": [],
            "source_dest_check": true,
            "subnet_id": "subnet-05924d5ae2fbcd984",
            "tags": {
              "Name": "dev-backend"
            },
            "tenancy": "default",
            "timeouts": null,
            "user_data": null,
            "user_data_base64": null,
            "volume_tags": {},
            "vpc_security_group_ids": [
              "sg-09444c51554e8d12d"
            ]
          },
          "depends_on": [
            "aws_security_group.dev_sg_backend_public",
            "aws_subnet.dev_subnet_public"
          ]
        }
      ]
    },
    {
      "mode": "managed",
      "type": "aws_instance",
      "name": "dev_instance_db",
      "provider": "provider.aws",
      "instances": [
        {
          "schema_version": 1,
          "attributes": {
            "ami": "ami-01a74235d69740cfa",
            "arn": "arn:aws:ec2:ap-northeast-1:578368453353:instance/i-01017272d94983ce7",
            "associate_public_ip_address": false,
            "availability_zone": "ap-northeast-1d",
            "cpu_core_count": 1,
            "cpu_threads_per_core": 1,
            "credit_specification": [
              {
                "cpu_credits": "standard"
              }
            ],
            "disable_api_termination": false,
            "ebs_block_device": [],
            "ebs_optimized": false,
            "ephemeral_block_device": [],
            "get_password_data": false,
            "host_id": null,
            "iam_instance_profile": "",
            "id": "i-01017272d94983ce7",
            "instance_initiated_shutdown_behavior": null,
            "instance_state": "running",
            "instance_type": "t2.small",
            "ipv6_address_count": 0,
            "ipv6_addresses": [],
            "key_name": "DevPawrentsDatabase",
            "monitoring": false,
            "network_interface": [],
            "network_interface_id": null,
            "password_data": "",
            "placement_group": "",
            "primary_network_interface_id": "eni-091f3e0cab870f4be",
            "private_dns": "ip-10-0-2-79.ap-northeast-1.compute.internal",
            "private_ip": "10.0.2.79",
            "public_dns": "",
            "public_ip": "",
            "root_block_device": [
              {
                "delete_on_termination": true,
                "iops": 100,
                "volume_id": "vol-0244de0aa6673f0fe",
                "volume_size": 8,
                "volume_type": "gp2"
              }
            ],
            "security_groups": [],
            "source_dest_check": true,
            "subnet_id": "subnet-011673030afb36202",
            "tags": {
              "Name": "dev-db"
            },
            "tenancy": "default",
            "timeouts": null,
            "user_data": null,
            "user_data_base64": null,
            "volume_tags": {},
            "vpc_security_group_ids": [
              "sg-0cbf061a9c73c81c5"
            ]
          },
          "depends_on": [
            "aws_security_group.dev_sg_db_private",
            "aws_subnet.dev_subnet_private"
          ]
        }
      ]
    },
    {
      "mode": "managed",
      "type": "aws_internet_gateway",
      "name": "dev_internet_gateway",
      "provider": "provider.aws",
      "instances": [
        {
          "schema_version": 0,
          "attributes": {
            "id": "igw-0b539362239170e15",
            "owner_id": "578368453353",
            "tags": {
              "Name": "dev-internet-gateway"
            },
            "vpc_id": "vpc-02f7defd696277cdb"
          },
          "depends_on": [
            "aws_vpc.dev_vpc"
          ]
        }
      ]
    },
    {
      "mode": "managed",
      "type": "aws_route",
      "name": "dev_backend_to_internet",
      "provider": "provider.aws",
      "instances": [
        {
          "schema_version": 0,
          "attributes": {
            "destination_cidr_block": "0.0.0.0/0",
            "destination_ipv6_cidr_block": null,
            "destination_prefix_list_id": "",
            "egress_only_gateway_id": "",
            "gateway_id": "igw-0b539362239170e15",
            "id": "r-rtb-08a69d36c64375bd01080289494",
            "instance_id": "",
            "instance_owner_id": "",
            "nat_gateway_id": "",
            "network_interface_id": "",
            "origin": "CreateRoute",
            "route_table_id": "rtb-08a69d36c64375bd0",
            "state": "active",
            "timeouts": null,
            "transit_gateway_id": "",
            "vpc_peering_connection_id": ""
          },
          "depends_on": [
            "aws_internet_gateway.dev_internet_gateway",
            "aws_route_table.dev_route_table_public"
          ]
        }
      ]
    },
    {
      "mode": "managed",
      "type": "aws_route",
      "name": "dev_private_route_to_bastion",
      "provider": "provider.aws",
      "instances": [
        {
          "schema_version": 0,
          "attributes": {
            "destination_cidr_block": "172.31.0.0/16",
            "destination_ipv6_cidr_block": null,
            "destination_prefix_list_id": "",
            "egress_only_gateway_id": "",
            "gateway_id": "",
            "id": "r-rtb-09c11ef7a3872ba433854007479",
            "instance_id": "",
            "instance_owner_id": "",
            "nat_gateway_id": "",
            "network_interface_id": "",
            "origin": "CreateRoute",
            "route_table_id": "rtb-09c11ef7a3872ba43",
            "state": "active",
            "timeouts": null,
            "transit_gateway_id": "",
            "vpc_peering_connection_id": "pcx-07ea9b5078c75868a"
          },
          "depends_on": [
            "aws_route_table.dev_route_table_private",
            "aws_vpc_peering_connection.dev_to_bastion_peering",
            "data.aws_vpc.default"
          ]
        }
      ]
    },
    {
      "mode": "managed",
      "type": "aws_route",
      "name": "dev_public_route_to_bastion",
      "provider": "provider.aws",
      "instances": [
        {
          "schema_version": 0,
          "attributes": {
            "destination_cidr_block": "172.31.0.0/16",
            "destination_ipv6_cidr_block": null,
            "destination_prefix_list_id": "",
            "egress_only_gateway_id": "",
            "gateway_id": "",
            "id": "r-rtb-08a69d36c64375bd03854007479",
            "instance_id": "",
            "instance_owner_id": "",
            "nat_gateway_id": "",
            "network_interface_id": "",
            "origin": "CreateRoute",
            "route_table_id": "rtb-08a69d36c64375bd0",
            "state": "active",
            "timeouts": null,
            "transit_gateway_id": "",
            "vpc_peering_connection_id": "pcx-07ea9b5078c75868a"
          },
          "depends_on": [
            "aws_route_table.dev_route_table_public",
            "aws_vpc_peering_connection.dev_to_bastion_peering",
            "data.aws_vpc.default"
          ]
        }
      ]
    },
    {
      "mode": "managed",
      "type": "aws_route",
      "name": "dev_route_from_bastion",
      "provider": "provider.aws",
      "instances": [
        {
          "schema_version": 0,
          "attributes": {
            "destination_cidr_block": "10.0.0.0/16",
            "destination_ipv6_cidr_block": null,
            "destination_prefix_list_id": "",
            "egress_only_gateway_id": "",
            "gateway_id": "",
            "id": "r-rtb-5257ff34179966490",
            "instance_id": "",
            "instance_owner_id": "",
            "nat_gateway_id": "",
            "network_interface_id": "",
            "origin": "CreateRoute",
            "route_table_id": "rtb-5257ff34",
            "state": "active",
            "timeouts": null,
            "transit_gateway_id": "",
            "vpc_peering_connection_id": "pcx-07ea9b5078c75868a"
          },
          "depends_on": [
            "aws_vpc.dev_vpc",
            "aws_vpc_peering_connection.dev_to_bastion_peering",
            "data.aws_route_table.default"
          ]
        }
      ]
    },
    {
      "mode": "managed",
      "type": "aws_route_table",
      "name": "dev_route_table_private",
      "provider": "provider.aws",
      "instances": [
        {
          "schema_version": 0,
          "attributes": {
            "id": "rtb-09c11ef7a3872ba43",
            "owner_id": "578368453353",
            "propagating_vgws": [],
            "route": [
              {
                "cidr_block": "172.31.0.0/16",
                "egress_only_gateway_id": "",
                "gateway_id": "",
                "instance_id": "",
                "ipv6_cidr_block": "",
                "nat_gateway_id": "",
                "network_interface_id": "",
                "transit_gateway_id": "",
                "vpc_peering_connection_id": "pcx-07ea9b5078c75868a"
              }
            ],
            "tags": {
              "Name": "dev-route-table-private"
            },
            "vpc_id": "vpc-02f7defd696277cdb"
          },
          "depends_on": [
            "aws_vpc.dev_vpc"
          ]
        }
      ]
    },
    {
      "mode": "managed",
      "type": "aws_route_table",
      "name": "dev_route_table_public",
      "provider": "provider.aws",
      "instances": [
        {
          "schema_version": 0,
          "attributes": {
            "id": "rtb-08a69d36c64375bd0",
            "owner_id": "578368453353",
            "propagating_vgws": [],
            "route": [
              {
                "cidr_block": "0.0.0.0/0",
                "egress_only_gateway_id": "",
                "gateway_id": "igw-0b539362239170e15",
                "instance_id": "",
                "ipv6_cidr_block": "",
                "nat_gateway_id": "",
                "network_interface_id": "",
                "transit_gateway_id": "",
                "vpc_peering_connection_id": ""
              },
              {
                "cidr_block": "172.31.0.0/16",
                "egress_only_gateway_id": "",
                "gateway_id": "",
                "instance_id": "",
                "ipv6_cidr_block": "",
                "nat_gateway_id": "",
                "network_interface_id": "",
                "transit_gateway_id": "",
                "vpc_peering_connection_id": "pcx-07ea9b5078c75868a"
              }
            ],
            "tags": {
              "Name": "dev-route-table-public"
            },
            "vpc_id": "vpc-02f7defd696277cdb"
          },
          "depends_on": [
            "aws_vpc.dev_vpc"
          ]
        }
      ]
    },
    {
      "mode": "managed",
      "type": "aws_route_table_association",
      "name": "dev_route_table_private",
      "provider": "provider.aws",
      "instances": [
        {
          "schema_version": 0,
          "attributes": {
            "id": "rtbassoc-0a42e4c6e939fa85e",
            "route_table_id": "rtb-09c11ef7a3872ba43",
            "subnet_id": "subnet-011673030afb36202"
          },
          "depends_on": [
            "aws_route_table.dev_route_table_private",
            "aws_subnet.dev_subnet_private"
          ]
        }
      ]
    },
    {
      "mode": "managed",
      "type": "aws_route_table_association",
      "name": "dev_route_table_public",
      "provider": "provider.aws",
      "instances": [
        {
          "schema_version": 0,
          "attributes": {
            "id": "rtbassoc-0cbc5fa66d4e16683",
            "route_table_id": "rtb-08a69d36c64375bd0",
            "subnet_id": "subnet-05924d5ae2fbcd984"
          },
          "depends_on": [
            "aws_route_table.dev_route_table_public",
            "aws_subnet.dev_subnet_public"
          ]
        }
      ]
    },
    {
      "mode": "managed",
      "type": "aws_security_group",
      "name": "bastion_sg",
      "provider": "provider.aws",
      "instances": [
        {
          "schema_version": 1,
          "attributes": {
            "arn": "arn:aws:ec2:ap-northeast-1:578368453353:security-group/sg-077ccf5474c524d69",
            "description": "Managed by Terraform",
            "egress": [
              {
                "cidr_blocks": [],
                "description": "MySQL to dev DB",
                "from_port": 3306,
                "ipv6_cidr_blocks": [],
                "prefix_list_ids": [],
                "protocol": "tcp",
                "security_groups": [
                  "sg-0cbf061a9c73c81c5"
                ],
                "self": false,
                "to_port": 3306
              },
              {
                "cidr_blocks": [],
                "description": "SSH to dev DB",
                "from_port": 22,
                "ipv6_cidr_blocks": [],
                "prefix_list_ids": [],
                "protocol": "tcp",
                "security_groups": [
                  "sg-0cbf061a9c73c81c5"
                ],
                "self": false,
                "to_port": 22
              },
              {
                "cidr_blocks": [],
                "description": "SSH to dev backend",
                "from_port": 22,
                "ipv6_cidr_blocks": [],
                "prefix_list_ids": [],
                "protocol": "tcp",
                "security_groups": [
                  "sg-09444c51554e8d12d"
                ],
                "self": false,
                "to_port": 22
              }
            ],
            "id": "sg-077ccf5474c524d69",
            "ingress": [
              {
                "cidr_blocks": [
                  "103.208.220.0/24",
                  "209.146.25.246/32"
                ],
                "description": "SSH from allowed IP addresses",
                "from_port": 22,
                "ipv6_cidr_blocks": [],
                "prefix_list_ids": [],
                "protocol": "tcp",
                "security_groups": [],
                "self": false,
                "to_port": 22
              }
            ],
            "name": "bastion",
            "name_prefix": null,
            "owner_id": "578368453353",
            "revoke_rules_on_delete": false,
            "tags": {
              "Name": "bastion-sg"
            },
            "timeouts": null,
            "vpc_id": "vpc-4ec09329"
          },
          "depends_on": [
            "data.aws_vpc.default"
          ]
        }
      ]
    },
    {
      "mode": "managed",
      "type": "aws_security_group",
      "name": "dev_sg_backend_public",
      "provider": "provider.aws",
      "instances": [
        {
          "schema_version": 1,
          "attributes": {
            "arn": "arn:aws:ec2:ap-northeast-1:578368453353:security-group/sg-09444c51554e8d12d",
            "description": "Managed by Terraform",
            "egress": [
              {
                "cidr_blocks": [],
                "description": "MySQL to dev DB",
                "from_port": 3306,
                "ipv6_cidr_blocks": [],
                "prefix_list_ids": [],
                "protocol": "tcp",
                "security_groups": [
                  "sg-0cbf061a9c73c81c5"
                ],
                "self": false,
                "to_port": 3306
              }
            ],
            "id": "sg-09444c51554e8d12d",
            "ingress": [
              {
                "cidr_blocks": [
                  "0.0.0.0/0"
                ],
                "description": "HTTP to external world",
                "from_port": 80,
                "ipv6_cidr_blocks": [],
                "prefix_list_ids": [],
                "protocol": "tcp",
                "security_groups": [],
                "self": false,
                "to_port": 80
              },
              {
                "cidr_blocks": [
                  "0.0.0.0/0"
                ],
                "description": "HTTPS to external world",
                "from_port": 443,
                "ipv6_cidr_blocks": [],
                "prefix_list_ids": [],
                "protocol": "tcp",
                "security_groups": [],
                "self": false,
                "to_port": 443
              },
              {
                "cidr_blocks": [],
                "description": "SSH from bastion",
                "from_port": 22,
                "ipv6_cidr_blocks": [],
                "prefix_list_ids": [],
                "protocol": "tcp",
                "security_groups": [
                  "sg-077ccf5474c524d69"
                ],
                "self": false,
                "to_port": 22
              }
            ],
            "name": "dev-backend-public",
            "name_prefix": null,
            "owner_id": "578368453353",
            "revoke_rules_on_delete": false,
            "tags": {
              "Name": "dev-backend-public-sg"
            },
            "timeouts": null,
            "vpc_id": "vpc-02f7defd696277cdb"
          },
          "depends_on": [
            "aws_security_group.bastion_sg",
            "aws_vpc.dev_vpc"
          ]
        }
      ]
    },
    {
      "mode": "managed",
      "type": "aws_security_group",
      "name": "dev_sg_db_private",
      "provider": "provider.aws",
      "instances": [
        {
          "schema_version": 1,
          "attributes": {
            "arn": "arn:aws:ec2:ap-northeast-1:578368453353:security-group/sg-0cbf061a9c73c81c5",
            "description": "Managed by Terraform",
            "egress": [],
            "id": "sg-0cbf061a9c73c81c5",
            "ingress": [
              {
                "cidr_blocks": [],
                "description": "MySQL from backend",
                "from_port": 3306,
                "ipv6_cidr_blocks": [],
                "prefix_list_ids": [],
                "protocol": "tcp",
                "security_groups": [
                  "sg-09444c51554e8d12d"
                ],
                "self": false,
                "to_port": 3306
              },
              {
                "cidr_blocks": [],
                "description": "MySQL from bastion",
                "from_port": 3306,
                "ipv6_cidr_blocks": [],
                "prefix_list_ids": [],
                "protocol": "tcp",
                "security_groups": [
                  "sg-077ccf5474c524d69"
                ],
                "self": false,
                "to_port": 3306
              },
              {
                "cidr_blocks": [],
                "description": "SSH from bastion",
                "from_port": 22,
                "ipv6_cidr_blocks": [],
                "prefix_list_ids": [],
                "protocol": "tcp",
                "security_groups": [
                  "sg-077ccf5474c524d69"
                ],
                "self": false,
                "to_port": 22
              }
            ],
            "name": "dev-db-private",
            "name_prefix": null,
            "owner_id": "578368453353",
            "revoke_rules_on_delete": false,
            "tags": {
              "Name": "dev-db-private-sg"
            },
            "timeouts": null,
            "vpc_id": "vpc-02f7defd696277cdb"
          },
          "depends_on": [
            "aws_security_group.bastion_sg",
            "aws_security_group.dev_sg_backend_public",
            "aws_vpc.dev_vpc"
          ]
        }
      ]
    },
    {
      "mode": "managed",
      "type": "aws_security_group_rule",
      "name": "bastion_sg_rule_dev_backend_ssh",
      "provider": "provider.aws",
      "instances": [
        {
          "schema_version": 2,
          "attributes": {
            "cidr_blocks": [],
            "description": "SSH to dev backend",
            "from_port": 22,
            "id": "sgrule-97070966",
            "ipv6_cidr_blocks": [],
            "prefix_list_ids": [],
            "protocol": "tcp",
            "security_group_id": "sg-077ccf5474c524d69",
            "self": false,
            "source_security_group_id": "sg-09444c51554e8d12d",
            "to_port": 22,
            "type": "egress"
          },
          "depends_on": [
            "aws_security_group.bastion_sg",
            "aws_security_group.dev_sg_backend_public"
          ]
        }
      ]
    },
    {
      "mode": "managed",
      "type": "aws_security_group_rule",
      "name": "bastion_sg_rule_dev_db_mysql",
      "provider": "provider.aws",
      "instances": [
        {
          "schema_version": 2,
          "attributes": {
            "cidr_blocks": [],
            "description": "MySQL to dev DB",
            "from_port": 3306,
            "id": "sgrule-2228807649",
            "ipv6_cidr_blocks": [],
            "prefix_list_ids": [],
            "protocol": "tcp",
            "security_group_id": "sg-077ccf5474c524d69",
            "self": false,
            "source_security_group_id": "sg-0cbf061a9c73c81c5",
            "to_port": 3306,
            "type": "egress"
          },
          "depends_on": [
            "aws_security_group.bastion_sg",
            "aws_security_group.dev_sg_db_private"
          ]
        }
      ]
    },
    {
      "mode": "managed",
      "type": "aws_security_group_rule",
      "name": "bastion_sg_rule_dev_db_ssh",
      "provider": "provider.aws",
      "instances": [
        {
          "schema_version": 2,
          "attributes": {
            "cidr_blocks": [],
            "description": "SSH to dev DB",
            "from_port": 22,
            "id": "sgrule-2754309059",
            "ipv6_cidr_blocks": [],
            "prefix_list_ids": [],
            "protocol": "tcp",
            "security_group_id": "sg-077ccf5474c524d69",
            "self": false,
            "source_security_group_id": "sg-0cbf061a9c73c81c5",
            "to_port": 22,
            "type": "egress"
          },
          "depends_on": [
            "aws_security_group.bastion_sg",
            "aws_security_group.dev_sg_db_private"
          ]
        }
      ]
    },
    {
      "mode": "managed",
      "type": "aws_security_group_rule",
      "name": "dev_sg_rule_backend_mysql_to_db",
      "provider": "provider.aws",
      "instances": [
        {
          "schema_version": 2,
          "attributes": {
            "cidr_blocks": [],
            "description": "MySQL to dev DB",
            "from_port": 3306,
            "id": "sgrule-2458217039",
            "ipv6_cidr_blocks": [],
            "prefix_list_ids": [],
            "protocol": "tcp",
            "security_group_id": "sg-09444c51554e8d12d",
            "self": false,
            "source_security_group_id": "sg-0cbf061a9c73c81c5",
            "to_port": 3306,
            "type": "egress"
          },
          "depends_on": [
            "aws_security_group.dev_sg_backend_public",
            "aws_security_group.dev_sg_db_private"
          ]
        }
      ]
    },
    {
      "mode": "managed",
      "type": "aws_subnet",
      "name": "dev_subnet_private",
      "provider": "provider.aws",
      "instances": [
        {
          "schema_version": 1,
          "attributes": {
            "arn": "arn:aws:ec2:ap-northeast-1:578368453353:subnet/subnet-011673030afb36202",
            "assign_ipv6_address_on_creation": false,
            "availability_zone": "ap-northeast-1d",
            "availability_zone_id": "apne1-az2",
            "cidr_block": "10.0.2.0/24",
            "id": "subnet-011673030afb36202",
            "ipv6_cidr_block": "",
            "ipv6_cidr_block_association_id": "",
            "map_public_ip_on_launch": false,
            "owner_id": "578368453353",
            "tags": {
              "Name": "dev-private-subnet"
            },
            "timeouts": null,
            "vpc_id": "vpc-02f7defd696277cdb"
          },
          "depends_on": [
            "aws_vpc.dev_vpc"
          ]
        }
      ]
    },
    {
      "mode": "managed",
      "type": "aws_subnet",
      "name": "dev_subnet_public",
      "provider": "provider.aws",
      "instances": [
        {
          "schema_version": 1,
          "attributes": {
            "arn": "arn:aws:ec2:ap-northeast-1:578368453353:subnet/subnet-05924d5ae2fbcd984",
            "assign_ipv6_address_on_creation": false,
            "availability_zone": "ap-northeast-1d",
            "availability_zone_id": "apne1-az2",
            "cidr_block": "10.0.1.0/24",
            "id": "subnet-05924d5ae2fbcd984",
            "ipv6_cidr_block": "",
            "ipv6_cidr_block_association_id": "",
            "map_public_ip_on_launch": true,
            "owner_id": "578368453353",
            "tags": {
              "Name": "dev-public-subnet"
            },
            "timeouts": null,
            "vpc_id": "vpc-02f7defd696277cdb"
          },
          "depends_on": [
            "aws_vpc.dev_vpc"
          ]
        }
      ]
    },
    {
      "mode": "managed",
      "type": "aws_vpc",
      "name": "dev_vpc",
      "provider": "provider.aws",
      "instances": [
        {
          "schema_version": 1,
          "attributes": {
            "arn": "arn:aws:ec2:ap-northeast-1:578368453353:vpc/vpc-02f7defd696277cdb",
            "assign_generated_ipv6_cidr_block": false,
            "cidr_block": "10.0.0.0/16",
            "default_network_acl_id": "acl-0ddeb1cb5cdbc3619",
            "default_route_table_id": "rtb-023258cccef8090ab",
            "default_security_group_id": "sg-08bd575c4c525d8f9",
            "dhcp_options_id": "dopt-b0d8a1d7",
            "enable_classiclink": false,
            "enable_classiclink_dns_support": false,
            "enable_dns_hostnames": false,
            "enable_dns_support": true,
            "id": "vpc-02f7defd696277cdb",
            "instance_tenancy": "default",
            "ipv6_association_id": "",
            "ipv6_cidr_block": "",
            "main_route_table_id": "rtb-023258cccef8090ab",
            "owner_id": "578368453353",
            "tags": {
              "Name": "dev-vpc"
            }
          }
        }
      ]
    },
    {
      "mode": "managed",
      "type": "aws_vpc_peering_connection",
      "name": "dev_to_bastion_peering",
      "provider": "provider.aws",
      "instances": [
        {
          "schema_version": 0,
          "attributes": {
            "accept_status": "active",
            "accepter": [
              {
                "allow_classic_link_to_remote_vpc": false,
                "allow_remote_vpc_dns_resolution": false,
                "allow_vpc_to_remote_classic_link": false
              }
            ],
            "auto_accept": true,
            "id": "pcx-07ea9b5078c75868a",
            "peer_owner_id": "578368453353",
            "peer_region": "ap-northeast-1",
            "peer_vpc_id": "vpc-4ec09329",
            "requester": [
              {
                "allow_classic_link_to_remote_vpc": false,
                "allow_remote_vpc_dns_resolution": false,
                "allow_vpc_to_remote_classic_link": false
              }
            ],
            "tags": {
              "Name": "dev-to-bastion-peering"
            },
            "timeouts": null,
            "vpc_id": "vpc-02f7defd696277cdb"
          },
          "depends_on": [
            "aws_vpc.dev_vpc",
            "data.aws_vpc.default"
          ]
        }
      ]
    }
  ]
}
